
Microsoft Visual Studio Solution File, Format Version 12.00
# Visual Studio Version 16
VisualStudioVersion = 16.0.28729.10
MinimumVisualStudioVersion = 10.0.40219.1
Project("{FAE04EC0-301F-11D3-BF4B-00C04F79EFBC}") = "grifindo payroll management system", "WindowsFormsApp1\grifindo payroll management system.csproj", "{04AE8215-4EA3-4C7D-A068-368D7A0F30B6}"
EndProject
Global
	GlobalSection(SolutionConfigurationPlatforms) = preSolution
		Debug|Any CPU = Debug|Any CPU
		Release|Any CPU = Release|Any CPU
	EndGlobalSection
	GlobalSection(ProjectConfigurationPlatforms) = postSolution
		{04AE8215-4EA3-4C7D-A068-368D7A0F30B6}.Debug|Any CPU.ActiveCfg = Debug|Any CPU
		{04AE8215-4EA3-4C7D-A068-368D7A0F30B6}.Debug|Any CPU.Build.0 = Debug|Any CPU
		{04AE8215-4EA3-4C7D-A068-368D7A0F30B6}.Release|Any CPU.ActiveCfg = Release|Any CPU
		{04AE8215-4EA3-4C7D-A068-368D7A0F30B6}.Release|Any CPU.Build.0 = Release|Any CPU
	EndGlobalSection
	GlobalSection(SolutionProperties) = preSolution
		HideSolutionNode = FALSE
	EndGlobalSection
	GlobalSection(ExtensibilityGlobals) = postSolution
		SolutionGuid = {40BD985F-C223-460A-8632-63AF98F49DF4}
	EndGlobalSection
EndGlobal
